
Microsoft Visual Studio Solution File, Format Version 12.00
# Visual Studio Version 16
VisualStudioVersion = 16.0.29418.71
MinimumVisualStudioVersion = 10.0.40219.1
Project("{FAE04EC0-301F-11D3-BF4B-00C04F79EFBC}") = "BangazonWorkforce", "BangazonWorkforce\BangazonWorkforce.csproj", "{A61FEFD6-727A-4CF6-AE2A-09AF8EEB3909}"
EndProject
Global
	GlobalSection(SolutionConfigurationPlatforms) = preSolution
		Debug|Any CPU = Debug|Any CPU
		Release|Any CPU = Release|Any CPU
	EndGlobalSection
	GlobalSection(ProjectConfigurationPlatforms) = postSolution
		{A61FEFD6-727A-4CF6-AE2A-09AF8EEB3909}.Debug|Any CPU.ActiveCfg = Debug|Any CPU
		{A61FEFD6-727A-4CF6-AE2A-09AF8EEB3909}.Debug|Any CPU.Build.0 = Debug|Any CPU
		{A61FEFD6-727A-4CF6-AE2A-09AF8EEB3909}.Release|Any CPU.ActiveCfg = Release|Any CPU
		{A61FEFD6-727A-4CF6-AE2A-09AF8EEB3909}.Release|Any CPU.Build.0 = Release|Any CPU
	EndGlobalSection
	GlobalSection(SolutionProperties) = preSolution
		HideSolutionNode = FALSE
	EndGlobalSection
	GlobalSection(ExtensibilityGlobals) = postSolution
		SolutionGuid = {C2A6FEAC-D2D0-4852-B2EB-589D5EA9ADB3}
	EndGlobalSection
EndGlobal
